
Microsoft Visual Studio Solution File, Format Version 12.00
# Visual Studio Version 17
VisualStudioVersion = 17.5.002.0
MinimumVisualStudioVersion = 10.0.40219.1
Project("{2150E333-8FDC-42A3-9474-1A3956D46DE8}") = "openai", "openai", "{4E7B4E8D-29B1-4701-8D60-5149D59CD0EA}"
EndProject
Project("{2150E333-8FDC-42A3-9474-1A3956D46DE8}") = "csharp", "csharp", "{A20976A1-92A2-41F5-ABF5-B2D5A982CA43}"
EndProject
Project("{9A19103F-16F7-4668-BE54-9A1E7A4F7556}") = "dalle3", "openai\csharp\dalle3\dalle3.csproj", "{95D0F6D6-6A87-467C-9897-56B466575738}"
EndProject
Project("{9A19103F-16F7-4668-BE54-9A1E7A4F7556}") = "nlp", "openai\csharp\nlp\nlp.csproj", "{85A7A007-5D76-413D-BB89-67F78A6905B7}"
EndProject
Global
	GlobalSection(SolutionConfigurationPlatforms) = preSolution
		Debug|Any CPU = Debug|Any CPU
		Release|Any CPU = Release|Any CPU
	EndGlobalSection
	GlobalSection(ProjectConfigurationPlatforms) = postSolution
		{95D0F6D6-6A87-467C-9897-56B466575738}.Debug|Any CPU.ActiveCfg = Debug|Any CPU
		{95D0F6D6-6A87-467C-9897-56B466575738}.Debug|Any CPU.Build.0 = Debug|Any CPU
		{95D0F6D6-6A87-467C-9897-56B466575738}.Release|Any CPU.ActiveCfg = Release|Any CPU
		{95D0F6D6-6A87-467C-9897-56B466575738}.Release|Any CPU.Build.0 = Release|Any CPU
		{85A7A007-5D76-413D-BB89-67F78A6905B7}.Debug|Any CPU.ActiveCfg = Debug|Any CPU
		{85A7A007-5D76-413D-BB89-67F78A6905B7}.Debug|Any CPU.Build.0 = Debug|Any CPU
		{85A7A007-5D76-413D-BB89-67F78A6905B7}.Release|Any CPU.ActiveCfg = Release|Any CPU
		{85A7A007-5D76-413D-BB89-67F78A6905B7}.Release|Any CPU.Build.0 = Release|Any CPU
	EndGlobalSection
	GlobalSection(SolutionProperties) = preSolution
		HideSolutionNode = FALSE
	EndGlobalSection
	GlobalSection(NestedProjects) = preSolution
		{A20976A1-92A2-41F5-ABF5-B2D5A982CA43} = {4E7B4E8D-29B1-4701-8D60-5149D59CD0EA}
		{95D0F6D6-6A87-467C-9897-56B466575738} = {A20976A1-92A2-41F5-ABF5-B2D5A982CA43}
		{85A7A007-5D76-413D-BB89-67F78A6905B7} = {A20976A1-92A2-41F5-ABF5-B2D5A982CA43}
	EndGlobalSection
	GlobalSection(ExtensibilityGlobals) = postSolution
		SolutionGuid = {3D5B2493-74F9-44FF-BFC1-2EF68EC74F12}
	EndGlobalSection
EndGlobal
